{
  "name": "zarinpal-basic-js-sample",
  "version": "1.0.0",
  "lockfileVersion": 1,
  "requires": true,
  "dependencies": {
    "zarinpal-ts": {
      "version": "1.0.8",
      "resolved": "https://registry.npmjs.org/zarinpal-ts/-/zarinpal-ts-1.0.8.tgz",
      "integrity": "sha512-b9RQL1PUkXmGItpxbT1yM7umHGFwjgwDhVDTjsC6mQlC9AAJRKDbcnWMYezgm/oMvVjVB1IjVRfW25dyJDTx9w=="
    }
  }
}
